
Microsoft Visual Studio Solution File, Format Version 12.00
# Visual Studio 15
VisualStudioVersion = 15.0.28307.1231
MinimumVisualStudioVersion = 10.0.40219.1
Project("{FAE04EC0-301F-11D3-BF4B-00C04F79EFBC}") = "ChocolateShop", "ChocolateShop\ChocolateShop.csproj", "{CC4602F8-0AD5-4777-A3EE-3C31214F594D}"
EndProject
Global
	GlobalSection(SolutionConfigurationPlatforms) = preSolution
		Debug|Any CPU = Debug|Any CPU
		Release|Any CPU = Release|Any CPU
	EndGlobalSection
	GlobalSection(ProjectConfigurationPlatforms) = postSolution
		{CC4602F8-0AD5-4777-A3EE-3C31214F594D}.Debug|Any CPU.ActiveCfg = Debug|Any CPU
		{CC4602F8-0AD5-4777-A3EE-3C31214F594D}.Debug|Any CPU.Build.0 = Debug|Any CPU
		{CC4602F8-0AD5-4777-A3EE-3C31214F594D}.Release|Any CPU.ActiveCfg = Release|Any CPU
		{CC4602F8-0AD5-4777-A3EE-3C31214F594D}.Release|Any CPU.Build.0 = Release|Any CPU
	EndGlobalSection
	GlobalSection(SolutionProperties) = preSolution
		HideSolutionNode = FALSE
	EndGlobalSection
	GlobalSection(ExtensibilityGlobals) = postSolution
		SolutionGuid = {9DF31571-F0DE-4880-AD1D-A2E3E6FCC785}
	EndGlobalSection
EndGlobal
